
Microsoft Visual Studio Solution File, Format Version 12.00
# Visual Studio 15
VisualStudioVersion = 15.0.27703.2042
MinimumVisualStudioVersion = 10.0.40219.1
Project("{FAE04EC0-301F-11D3-BF4B-00C04F79EFBC}") = "List2", "List2\List2.csproj", "{21222135-6CF2-4865-BE85-4B7214427A12}"
EndProject
Global
	GlobalSection(SolutionConfigurationPlatforms) = preSolution
		Debug|Any CPU = Debug|Any CPU
		Release|Any CPU = Release|Any CPU
	EndGlobalSection
	GlobalSection(ProjectConfigurationPlatforms) = postSolution
		{21222135-6CF2-4865-BE85-4B7214427A12}.Debug|Any CPU.ActiveCfg = Debug|Any CPU
		{21222135-6CF2-4865-BE85-4B7214427A12}.Debug|Any CPU.Build.0 = Debug|Any CPU
		{21222135-6CF2-4865-BE85-4B7214427A12}.Release|Any CPU.ActiveCfg = Release|Any CPU
		{21222135-6CF2-4865-BE85-4B7214427A12}.Release|Any CPU.Build.0 = Release|Any CPU
	EndGlobalSection
	GlobalSection(SolutionProperties) = preSolution
		HideSolutionNode = FALSE
	EndGlobalSection
	GlobalSection(ExtensibilityGlobals) = postSolution
		SolutionGuid = {E549ACB1-97B3-4D96-BD8D-CBB6A997E586}
	EndGlobalSection
EndGlobal
